<Solution>
  <Folder Name="/src/">
    <Project Path="src/RazorLight.Precompile/RazorLight.Precompile.csproj" />
    <Project Path="src/RazorLight/RazorLight.csproj" />
  </Folder>
  <Folder Name="/Tests/">
    <Project Path="tests/RazorLight.Tests/RazorLight.Tests.csproj" />
  </Folder>
</Solution>
